
Microsoft Visual Studio Solution File, Format Version 12.00
# Visual Studio 2015
Project("{FAE04EC0-301F-11D3-BF4B-00C04F79EFBC}") = "boARd.CSharp", "boARd.CSharp.csproj", "{B27F9AEE-8032-0576-34AE-881C2D9BBE61}"
EndProject
Project("{FAE04EC0-301F-11D3-BF4B-00C04F79EFBC}") = "boARd.CSharp.Editor", "boARd.CSharp.Editor.csproj", "{1163826A-6FE7-038B-580B-B4970B046E63}"
EndProject
Global
	GlobalSection(SolutionConfigurationPlatforms) = preSolution
		Debug|Any CPU = Debug|Any CPU
		Release|Any CPU = Release|Any CPU
	EndGlobalSection
	GlobalSection(ProjectConfigurationPlatforms) = postSolution
		{B27F9AEE-8032-0576-34AE-881C2D9BBE61}.Debug|Any CPU.ActiveCfg = Debug|Any CPU
		{B27F9AEE-8032-0576-34AE-881C2D9BBE61}.Debug|Any CPU.Build.0 = Debug|Any CPU
		{B27F9AEE-8032-0576-34AE-881C2D9BBE61}.Release|Any CPU.ActiveCfg = Release|Any CPU
		{B27F9AEE-8032-0576-34AE-881C2D9BBE61}.Release|Any CPU.Build.0 = Release|Any CPU
		{1163826A-6FE7-038B-580B-B4970B046E63}.Debug|Any CPU.ActiveCfg = Debug|Any CPU
		{1163826A-6FE7-038B-580B-B4970B046E63}.Debug|Any CPU.Build.0 = Debug|Any CPU
		{1163826A-6FE7-038B-580B-B4970B046E63}.Release|Any CPU.ActiveCfg = Release|Any CPU
		{1163826A-6FE7-038B-580B-B4970B046E63}.Release|Any CPU.Build.0 = Release|Any CPU
	EndGlobalSection
	GlobalSection(SolutionProperties) = preSolution
		HideSolutionNode = FALSE
	EndGlobalSection
EndGlobal
